{
  "name": "clawps",
  "version": "1.2.2",
  "lockfileVersion": 3,
  "requires": true,
  "packages": {
    "": {
      "name": "clawps",
      "version": "1.2.2",
      "license": "MIT",
      "bin": {
        "clawps": "clawps.js",
        "clawtop": "clawtop.js"
      },
      "engines": {
        "node": ">=18.0.0"
      }
    }
  }
}
